
Microsoft Visual Studio Solution File, Format Version 12.00
# Visual Studio Version 16
VisualStudioVersion = 16.0.29123.88
MinimumVisualStudioVersion = 10.0.40219.1
Project("{8BC9CEB8-8B4A-11D0-8D11-00A0C91BC942}") = "Renderer", "Renderer\Renderer.vcxproj", "{9F7D3CE1-024C-41DA-BA85-9AB44DB77C50}"
EndProject
Project("{8BC9CEB8-8B4A-11D0-8D11-00A0C91BC942}") = "Sandbox", "Sandbox\Sandbox.vcxproj", "{5E11CF92-1005-4F1D-9080-44EE8697B7B2}"
EndProject
Global
	GlobalSection(SolutionConfigurationPlatforms) = preSolution
		Debug|x64 = Debug|x64
		Debug|x86 = Debug|x86
		Release|x64 = Release|x64
		Release|x86 = Release|x86
	EndGlobalSection
	GlobalSection(ProjectConfigurationPlatforms) = postSolution
		{9F7D3CE1-024C-41DA-BA85-9AB44DB77C50}.Debug|x64.ActiveCfg = Debug|x64
		{9F7D3CE1-024C-41DA-BA85-9AB44DB77C50}.Debug|x64.Build.0 = Debug|x64
		{9F7D3CE1-024C-41DA-BA85-9AB44DB77C50}.Debug|x86.ActiveCfg = Debug|Win32
		{9F7D3CE1-024C-41DA-BA85-9AB44DB77C50}.Debug|x86.Build.0 = Debug|Win32
		{9F7D3CE1-024C-41DA-BA85-9AB44DB77C50}.Release|x64.ActiveCfg = Release|x64
		{9F7D3CE1-024C-41DA-BA85-9AB44DB77C50}.Release|x64.Build.0 = Release|x64
		{9F7D3CE1-024C-41DA-BA85-9AB44DB77C50}.Release|x86.ActiveCfg = Release|Win32
		{9F7D3CE1-024C-41DA-BA85-9AB44DB77C50}.Release|x86.Build.0 = Release|Win32
		{5E11CF92-1005-4F1D-9080-44EE8697B7B2}.Debug|x64.ActiveCfg = Debug|x64
		{5E11CF92-1005-4F1D-9080-44EE8697B7B2}.Debug|x64.Build.0 = Debug|x64
		{5E11CF92-1005-4F1D-9080-44EE8697B7B2}.Debug|x86.ActiveCfg = Debug|Win32
		{5E11CF92-1005-4F1D-9080-44EE8697B7B2}.Debug|x86.Build.0 = Debug|Win32
		{5E11CF92-1005-4F1D-9080-44EE8697B7B2}.Release|x64.ActiveCfg = Release|x64
		{5E11CF92-1005-4F1D-9080-44EE8697B7B2}.Release|x64.Build.0 = Release|x64
		{5E11CF92-1005-4F1D-9080-44EE8697B7B2}.Release|x86.ActiveCfg = Release|Win32
		{5E11CF92-1005-4F1D-9080-44EE8697B7B2}.Release|x86.Build.0 = Release|Win32
	EndGlobalSection
	GlobalSection(SolutionProperties) = preSolution
		HideSolutionNode = FALSE
	EndGlobalSection
	GlobalSection(ExtensibilityGlobals) = postSolution
		SolutionGuid = {46B23AA9-CAA8-40B5-9DC8-784A86EDE573}
	EndGlobalSection
EndGlobal
